
Microsoft Visual Studio Solution File, Format Version 12.00
# Visual Studio Version 17
VisualStudioVersion = 17.13.35818.85 d17.13
MinimumVisualStudioVersion = 10.0.40219.1
Project("{FAE04EC0-301F-11D3-BF4B-00C04F79EFBC}") = "Ficha1", "Ficha1\Ficha1.csproj", "{C5A399F2-BD9B-4C57-829E-C4138B564775}"
EndProject
Global
	GlobalSection(SolutionConfigurationPlatforms) = preSolution
		Debug|Any CPU = Debug|Any CPU
		Release|Any CPU = Release|Any CPU
	EndGlobalSection
	GlobalSection(ProjectConfigurationPlatforms) = postSolution
		{C5A399F2-BD9B-4C57-829E-C4138B564775}.Debug|Any CPU.ActiveCfg = Debug|Any CPU
		{C5A399F2-BD9B-4C57-829E-C4138B564775}.Debug|Any CPU.Build.0 = Debug|Any CPU
		{C5A399F2-BD9B-4C57-829E-C4138B564775}.Release|Any CPU.ActiveCfg = Release|Any CPU
		{C5A399F2-BD9B-4C57-829E-C4138B564775}.Release|Any CPU.Build.0 = Release|Any CPU
	EndGlobalSection
	GlobalSection(SolutionProperties) = preSolution
		HideSolutionNode = FALSE
	EndGlobalSection
	GlobalSection(ExtensibilityGlobals) = postSolution
		SolutionGuid = {A25B91E4-85DE-4393-BAC1-EB6E3456A6B6}
	EndGlobalSection
EndGlobal
